
Microsoft Visual Studio Solution File, Format Version 12.00
# Visual Studio 14
VisualStudioVersion = 14.0.25420.1
MinimumVisualStudioVersion = 10.0.40219.1
Project("{FAE04EC0-301F-11D3-BF4B-00C04F79EFBC}") = "LoadAllIssues", "LoadAllIssues\LoadAllIssues.csproj", "{9D2FB4D9-DF8B-4A9A-92B1-25DB534014A3}"
EndProject
Project("{FAE04EC0-301F-11D3-BF4B-00C04F79EFBC}") = "Services.UnitTest", "Services.UnitTest\Services.UnitTest.csproj", "{68403F5C-D913-42A6-9202-81E7E46F1614}"
EndProject
Project("{FAE04EC0-301F-11D3-BF4B-00C04F79EFBC}") = "SonarQubeConnector", "SonarQube.API\SonarQubeConnector.csproj", "{9CCD2B62-3DC0-463A-B146-EC5F1FE84AEA}"
EndProject
Project("{2150E333-8FDC-42A3-9474-1A3956D46DE8}") = "SonarQube", "SonarQube", "{F58B9D2B-F777-4212-B65E-38161B9C245E}"
	ProjectSection(SolutionItems) = preProject
		SonarQube\SolutionBinding.sqconfig = SonarQube\SolutionBinding.sqconfig
		SonarQube\SonarQubeToolsCSharp.ruleset = SonarQube\SonarQubeToolsCSharp.ruleset
	EndProjectSection
EndProject
Project("{FAE04EC0-301F-11D3-BF4B-00C04F79EFBC}") = "CompareServers", "CompareServers\CompareServers.csproj", "{A6EC6F1E-EAE9-46C2-80C9-2DB89EE4ED85}"
EndProject
Project("{FAE04EC0-301F-11D3-BF4B-00C04F79EFBC}") = "Dashboard", "Dashboard\Dashboard.csproj", "{F938E349-073D-4FFB-9B2D-33B03C0B6CF7}"
EndProject
Project("{FAE04EC0-301F-11D3-BF4B-00C04F79EFBC}") = "ExtractProjectIssues", "ExtractProjectIssues\ExtractProjectIssues.csproj", "{297C4509-3897-44C9-AAA9-DD53B07ACB39}"
EndProject
Project("{FAE04EC0-301F-11D3-BF4B-00C04F79EFBC}") = "QualityGate", "QualityGate\QualityGate.csproj", "{62BADAAC-8E96-4502-A4E3-FC9BB28DC5B1}"
EndProject
Project("{FAE04EC0-301F-11D3-BF4B-00C04F79EFBC}") = "QualityGate.UnitTest", "QualityGate.UnitTest\QualityGate.UnitTest.csproj", "{E3055A92-2D42-48B5-AF24-789DFAC2E1F4}"
EndProject
Project("{FAE04EC0-301F-11D3-BF4B-00C04F79EFBC}") = "SonarQubeConnector.UnitTest", "SonarQubeConnector.UnitTest\SonarQubeConnector.UnitTest.csproj", "{D02E9792-73EB-4852-BBA7-8EA293AB63DA}"
EndProject
Project("{FAE04EC0-301F-11D3-BF4B-00C04F79EFBC}") = "FxCopNamingViolations", "FxCopNamingViolations\FxCopNamingViolations.csproj", "{4DA2F8D5-9605-49F4-8F29-E2C2C7B28A1C}"
EndProject
Project("{FAE04EC0-301F-11D3-BF4B-00C04F79EFBC}") = "SetCompilerWarningsToBlocker", "SetCompilerWarningsToBlocker\SetCompilerWarningsToBlocker.csproj", "{73BAF07B-D0FD-4CA6-8715-93E9A9FF9B20}"
EndProject
Global
	GlobalSection(SolutionConfigurationPlatforms) = preSolution
		Debug|Any CPU = Debug|Any CPU
		Debug|x64 = Debug|x64
		Release|Any CPU = Release|Any CPU
		Release|x64 = Release|x64
	EndGlobalSection
	GlobalSection(ProjectConfigurationPlatforms) = postSolution
		{9D2FB4D9-DF8B-4A9A-92B1-25DB534014A3}.Debug|Any CPU.ActiveCfg = Debug|Any CPU
		{9D2FB4D9-DF8B-4A9A-92B1-25DB534014A3}.Debug|Any CPU.Build.0 = Debug|Any CPU
		{9D2FB4D9-DF8B-4A9A-92B1-25DB534014A3}.Debug|x64.ActiveCfg = Debug|x64
		{9D2FB4D9-DF8B-4A9A-92B1-25DB534014A3}.Debug|x64.Build.0 = Debug|x64
		{9D2FB4D9-DF8B-4A9A-92B1-25DB534014A3}.Release|Any CPU.ActiveCfg = Release|Any CPU
		{9D2FB4D9-DF8B-4A9A-92B1-25DB534014A3}.Release|Any CPU.Build.0 = Release|Any CPU
		{9D2FB4D9-DF8B-4A9A-92B1-25DB534014A3}.Release|x64.ActiveCfg = Release|x64
		{9D2FB4D9-DF8B-4A9A-92B1-25DB534014A3}.Release|x64.Build.0 = Release|x64
		{68403F5C-D913-42A6-9202-81E7E46F1614}.Debug|Any CPU.ActiveCfg = Debug|Any CPU
		{68403F5C-D913-42A6-9202-81E7E46F1614}.Debug|Any CPU.Build.0 = Debug|Any CPU
		{68403F5C-D913-42A6-9202-81E7E46F1614}.Debug|x64.ActiveCfg = Debug|x64
		{68403F5C-D913-42A6-9202-81E7E46F1614}.Debug|x64.Build.0 = Debug|x64
		{68403F5C-D913-42A6-9202-81E7E46F1614}.Release|Any CPU.ActiveCfg = Release|Any CPU
		{68403F5C-D913-42A6-9202-81E7E46F1614}.Release|Any CPU.Build.0 = Release|Any CPU
		{68403F5C-D913-42A6-9202-81E7E46F1614}.Release|x64.ActiveCfg = Release|x64
		{68403F5C-D913-42A6-9202-81E7E46F1614}.Release|x64.Build.0 = Release|x64
		{9CCD2B62-3DC0-463A-B146-EC5F1FE84AEA}.Debug|Any CPU.ActiveCfg = Debug|Any CPU
		{9CCD2B62-3DC0-463A-B146-EC5F1FE84AEA}.Debug|Any CPU.Build.0 = Debug|Any CPU
		{9CCD2B62-3DC0-463A-B146-EC5F1FE84AEA}.Debug|x64.ActiveCfg = Debug|x64
		{9CCD2B62-3DC0-463A-B146-EC5F1FE84AEA}.Debug|x64.Build.0 = Debug|x64
		{9CCD2B62-3DC0-463A-B146-EC5F1FE84AEA}.Release|Any CPU.ActiveCfg = Release|Any CPU
		{9CCD2B62-3DC0-463A-B146-EC5F1FE84AEA}.Release|Any CPU.Build.0 = Release|Any CPU
		{9CCD2B62-3DC0-463A-B146-EC5F1FE84AEA}.Release|x64.ActiveCfg = Release|x64
		{9CCD2B62-3DC0-463A-B146-EC5F1FE84AEA}.Release|x64.Build.0 = Release|x64
		{A6EC6F1E-EAE9-46C2-80C9-2DB89EE4ED85}.Debug|Any CPU.ActiveCfg = Debug|Any CPU
		{A6EC6F1E-EAE9-46C2-80C9-2DB89EE4ED85}.Debug|Any CPU.Build.0 = Debug|Any CPU
		{A6EC6F1E-EAE9-46C2-80C9-2DB89EE4ED85}.Debug|x64.ActiveCfg = Debug|Any CPU
		{A6EC6F1E-EAE9-46C2-80C9-2DB89EE4ED85}.Debug|x64.Build.0 = Debug|Any CPU
		{A6EC6F1E-EAE9-46C2-80C9-2DB89EE4ED85}.Release|Any CPU.ActiveCfg = Release|Any CPU
		{A6EC6F1E-EAE9-46C2-80C9-2DB89EE4ED85}.Release|Any CPU.Build.0 = Release|Any CPU
		{A6EC6F1E-EAE9-46C2-80C9-2DB89EE4ED85}.Release|x64.ActiveCfg = Release|Any CPU
		{A6EC6F1E-EAE9-46C2-80C9-2DB89EE4ED85}.Release|x64.Build.0 = Release|Any CPU
		{F938E349-073D-4FFB-9B2D-33B03C0B6CF7}.Debug|Any CPU.ActiveCfg = Debug|Any CPU
		{F938E349-073D-4FFB-9B2D-33B03C0B6CF7}.Debug|Any CPU.Build.0 = Debug|Any CPU
		{F938E349-073D-4FFB-9B2D-33B03C0B6CF7}.Debug|x64.ActiveCfg = Debug|Any CPU
		{F938E349-073D-4FFB-9B2D-33B03C0B6CF7}.Debug|x64.Build.0 = Debug|Any CPU
		{F938E349-073D-4FFB-9B2D-33B03C0B6CF7}.Release|Any CPU.ActiveCfg = Release|Any CPU
		{F938E349-073D-4FFB-9B2D-33B03C0B6CF7}.Release|Any CPU.Build.0 = Release|Any CPU
		{F938E349-073D-4FFB-9B2D-33B03C0B6CF7}.Release|x64.ActiveCfg = Release|Any CPU
		{F938E349-073D-4FFB-9B2D-33B03C0B6CF7}.Release|x64.Build.0 = Release|Any CPU
		{297C4509-3897-44C9-AAA9-DD53B07ACB39}.Debug|Any CPU.ActiveCfg = Debug|Any CPU
		{297C4509-3897-44C9-AAA9-DD53B07ACB39}.Debug|Any CPU.Build.0 = Debug|Any CPU
		{297C4509-3897-44C9-AAA9-DD53B07ACB39}.Debug|x64.ActiveCfg = Debug|Any CPU
		{297C4509-3897-44C9-AAA9-DD53B07ACB39}.Debug|x64.Build.0 = Debug|Any CPU
		{297C4509-3897-44C9-AAA9-DD53B07ACB39}.Release|Any CPU.ActiveCfg = Release|Any CPU
		{297C4509-3897-44C9-AAA9-DD53B07ACB39}.Release|Any CPU.Build.0 = Release|Any CPU
		{297C4509-3897-44C9-AAA9-DD53B07ACB39}.Release|x64.ActiveCfg = Release|Any CPU
		{297C4509-3897-44C9-AAA9-DD53B07ACB39}.Release|x64.Build.0 = Release|Any CPU
		{62BADAAC-8E96-4502-A4E3-FC9BB28DC5B1}.Debug|Any CPU.ActiveCfg = Debug|Any CPU
		{62BADAAC-8E96-4502-A4E3-FC9BB28DC5B1}.Debug|Any CPU.Build.0 = Debug|Any CPU
		{62BADAAC-8E96-4502-A4E3-FC9BB28DC5B1}.Debug|x64.ActiveCfg = Debug|Any CPU
		{62BADAAC-8E96-4502-A4E3-FC9BB28DC5B1}.Debug|x64.Build.0 = Debug|Any CPU
		{62BADAAC-8E96-4502-A4E3-FC9BB28DC5B1}.Release|Any CPU.ActiveCfg = Release|Any CPU
		{62BADAAC-8E96-4502-A4E3-FC9BB28DC5B1}.Release|Any CPU.Build.0 = Release|Any CPU
		{62BADAAC-8E96-4502-A4E3-FC9BB28DC5B1}.Release|x64.ActiveCfg = Release|Any CPU
		{62BADAAC-8E96-4502-A4E3-FC9BB28DC5B1}.Release|x64.Build.0 = Release|Any CPU
		{E3055A92-2D42-48B5-AF24-789DFAC2E1F4}.Debug|Any CPU.ActiveCfg = Debug|Any CPU
		{E3055A92-2D42-48B5-AF24-789DFAC2E1F4}.Debug|Any CPU.Build.0 = Debug|Any CPU
		{E3055A92-2D42-48B5-AF24-789DFAC2E1F4}.Debug|x64.ActiveCfg = Debug|Any CPU
		{E3055A92-2D42-48B5-AF24-789DFAC2E1F4}.Debug|x64.Build.0 = Debug|Any CPU
		{E3055A92-2D42-48B5-AF24-789DFAC2E1F4}.Release|Any CPU.ActiveCfg = Release|Any CPU
		{E3055A92-2D42-48B5-AF24-789DFAC2E1F4}.Release|Any CPU.Build.0 = Release|Any CPU
		{E3055A92-2D42-48B5-AF24-789DFAC2E1F4}.Release|x64.ActiveCfg = Release|Any CPU
		{E3055A92-2D42-48B5-AF24-789DFAC2E1F4}.Release|x64.Build.0 = Release|Any CPU
		{D02E9792-73EB-4852-BBA7-8EA293AB63DA}.Debug|Any CPU.ActiveCfg = Debug|Any CPU
		{D02E9792-73EB-4852-BBA7-8EA293AB63DA}.Debug|Any CPU.Build.0 = Debug|Any CPU
		{D02E9792-73EB-4852-BBA7-8EA293AB63DA}.Debug|x64.ActiveCfg = Debug|Any CPU
		{D02E9792-73EB-4852-BBA7-8EA293AB63DA}.Debug|x64.Build.0 = Debug|Any CPU
		{D02E9792-73EB-4852-BBA7-8EA293AB63DA}.Release|Any CPU.ActiveCfg = Release|Any CPU
		{D02E9792-73EB-4852-BBA7-8EA293AB63DA}.Release|Any CPU.Build.0 = Release|Any CPU
		{D02E9792-73EB-4852-BBA7-8EA293AB63DA}.Release|x64.ActiveCfg = Release|Any CPU
		{D02E9792-73EB-4852-BBA7-8EA293AB63DA}.Release|x64.Build.0 = Release|Any CPU
		{4DA2F8D5-9605-49F4-8F29-E2C2C7B28A1C}.Debug|Any CPU.ActiveCfg = Debug|Any CPU
		{4DA2F8D5-9605-49F4-8F29-E2C2C7B28A1C}.Debug|Any CPU.Build.0 = Debug|Any CPU
		{4DA2F8D5-9605-49F4-8F29-E2C2C7B28A1C}.Debug|x64.ActiveCfg = Debug|Any CPU
		{4DA2F8D5-9605-49F4-8F29-E2C2C7B28A1C}.Debug|x64.Build.0 = Debug|Any CPU
		{4DA2F8D5-9605-49F4-8F29-E2C2C7B28A1C}.Release|Any CPU.ActiveCfg = Release|Any CPU
		{4DA2F8D5-9605-49F4-8F29-E2C2C7B28A1C}.Release|Any CPU.Build.0 = Release|Any CPU
		{4DA2F8D5-9605-49F4-8F29-E2C2C7B28A1C}.Release|x64.ActiveCfg = Release|Any CPU
		{4DA2F8D5-9605-49F4-8F29-E2C2C7B28A1C}.Release|x64.Build.0 = Release|Any CPU
		{73BAF07B-D0FD-4CA6-8715-93E9A9FF9B20}.Debug|Any CPU.ActiveCfg = Debug|Any CPU
		{73BAF07B-D0FD-4CA6-8715-93E9A9FF9B20}.Debug|Any CPU.Build.0 = Debug|Any CPU
		{73BAF07B-D0FD-4CA6-8715-93E9A9FF9B20}.Debug|x64.ActiveCfg = Debug|Any CPU
		{73BAF07B-D0FD-4CA6-8715-93E9A9FF9B20}.Debug|x64.Build.0 = Debug|Any CPU
		{73BAF07B-D0FD-4CA6-8715-93E9A9FF9B20}.Release|Any CPU.ActiveCfg = Release|Any CPU
		{73BAF07B-D0FD-4CA6-8715-93E9A9FF9B20}.Release|Any CPU.Build.0 = Release|Any CPU
		{73BAF07B-D0FD-4CA6-8715-93E9A9FF9B20}.Release|x64.ActiveCfg = Release|Any CPU
		{73BAF07B-D0FD-4CA6-8715-93E9A9FF9B20}.Release|x64.Build.0 = Release|Any CPU
	EndGlobalSection
	GlobalSection(SolutionProperties) = preSolution
		HideSolutionNode = FALSE
	EndGlobalSection
EndGlobal
